// !$*UTF8*$!
{
	archiveVersion = 1;
	classes = {
	};
	objectVersion = 56;
	objects = {

/* Begin PBXBuildFile section */
		08ED20092AF6042000A9FECF /* Nimble_MbcApp.swift in Sources */ = {isa = PBXBuildFile; fileRef = 08ED20082AF6042000A9FECF /* Nimble_MbcApp.swift */; };
		08ED200B2AF6042000A9FECF /* ContentView.swift in Sources */ = {isa = PBXBuildFile; fileRef = 08ED200A2AF6042000A9FECF /* ContentView.swift */; };
		08ED200D2AF6042100A9FECF /* Assets.xcassets in Resources */ = {isa = PBXBuildFile; fileRef = 08ED200C2AF6042100A9FECF /* Assets.xcassets */; };
		08ED20102AF6042100A9FECF /* Preview Assets.xcassets in Resources */ = {isa = PBXBuildFile; fileRef = 08ED200F2AF6042100A9FECF /* Preview Assets.xcassets */; };
		08ED201A2AF6042100A9FECF /* Nimble_MbcTests.swift in Sources */ = {isa = PBXBuildFile; fileRef = 08ED20192AF6042100A9FECF /* Nimble_MbcTests.swift */; };
		08ED20242AF6042100A9FECF /* Nimble_MbcUITests.swift in Sources */ = {isa = PBXBuildFile; fileRef = 08ED20232AF6042100A9FECF /* Nimble_MbcUITests.swift */; };
		08ED20262AF6042100A9FECF /* Nimble_MbcUITestsLaunchTests.swift in Sources */ = {isa = PBXBuildFile; fileRef = 08ED20252AF6042100A9FECF /* Nimble_MbcUITestsLaunchTests.swift */; };
/* End PBXBuildFile section */

/* Begin PBXContainerItemProxy section */
		08ED20162AF6042100A9FECF /* PBXContainerItemProxy */ = {
			isa = PBXContainerItemProxy;
			containerPortal = 08ED1FFD2AF6042000A9FECF /* Project object */;
			proxyType = 1;
			remoteGlobalIDString = 08ED20042AF6042000A9FECF;
			remoteInfo = "Nimble Mbc";
		};
		08ED20202AF6042100A9FECF /* PBXContainerItemProxy */ = {
			isa = PBXContainerItemProxy;
			containerPortal = 08ED1FFD2AF6042000A9FECF /* Project object */;
			proxyType = 1;
			remoteGlobalIDString = 08ED20042AF6042000A9FECF;
			remoteInfo = "Nimble Mbc";
		};
/* End PBXContainerItemProxy section */

/* Begin PBXFileReference section */
		08ED20052AF6042000A9FECF /* Nimble Mbc.app */ = {isa = PBXFileReference; explicitFileType = wrapper.application; includeInIndex = 0; path = "Nimble Mbc.app"; sourceTree = BUILT_PRODUCTS_DIR; };
		08ED20082AF6042000A9FECF /* Nimble_MbcApp.swift */ = {isa = PBXFileReference; lastKnownFileType = sourcecode.swift; path = Nimble_MbcApp.swift; sourceTree = "<group>"; };
		08ED200A2AF6042000A9FECF /* ContentView.swift */ = {isa = PBXFileReference; lastKnownFileType = sourcecode.swift; path = ContentView.swift; sourceTree = "<group>"; };
		08ED200C2AF6042100A9FECF /* Assets.xcassets */ = {isa = PBXFileReference; lastKnownFileType = folder.assetcatalog; path = Assets.xcassets; sourceTree = "<group>"; };
		08ED200F2AF6042100A9FECF /* Preview Assets.xcassets */ = {isa = PBXFileReference; lastKnownFileType = folder.assetcatalog; path = "Preview Assets.xcassets"; sourceTree = "<group>"; };
		08ED20152AF6042100A9FECF /* Nimble MbcTests.xctest */ = {isa = PBXFileReference; explicitFileType = wrapper.cfbundle; includeInIndex = 0; path = "Nimble MbcTests.xctest"; sourceTree = BUILT_PRODUCTS_DIR; };
		08ED20192AF6042100A9FECF /* Nimble_MbcTests.swift */ = {isa = PBXFileReference; lastKnownFileType = sourcecode.swift; path = Nimble_MbcTests.swift; sourceTree = "<group>"; };
		08ED201F2AF6042100A9FECF /* Nimble MbcUITests.xctest */ = {isa = PBXFileReference; explicitFileType = wrapper.cfbundle; includeInIndex = 0; path = "Nimble MbcUITests.xctest"; sourceTree = BUILT_PRODUCTS_DIR; };
		08ED20232AF6042100A9FECF /* Nimble_MbcUITests.swift */ = {isa = PBXFileReference; lastKnownFileType = sourcecode.swift; path = Nimble_MbcUITests.swift; sourceTree = "<group>"; };
		08ED20252AF6042100A9FECF /* Nimble_MbcUITestsLaunchTests.swift */ = {isa = PBXFileReference; lastKnownFileType = sourcecode.swift; path = Nimble_MbcUITestsLaunchTests.swift; sourceTree = "<group>"; };
/* End PBXFileReference section */

/* Begin PBXFrameworksBuildPhase section */
		08ED20022AF6042000A9FECF /* Frameworks */ = {
			isa = PBXFrameworksBuildPhase;
			buildActionMask = 2147483647;
			files = (
			);
			runOnlyForDeploymentPostprocessing = 0;
		};
		08ED20122AF6042100A9FECF /* Frameworks */ = {
			isa = PBXFrameworksBuildPhase;
			buildActionMask = 2147483647;
			files = (
			);
			runOnlyForDeploymentPostprocessing = 0;
		};
		08ED201C2AF6042100A9FECF /* Frameworks */ = {
			isa = PBXFrameworksBuildPhase;
			buildActionMask = 2147483647;
			files = (
			);
			runOnlyForDeploymentPostprocessing = 0;
		};
/* End PBXFrameworksBuildPhase section */

/* Begin PBXGroup section */
		08ED1FFC2AF6042000A9FECF = {
			isa = PBXGroup;
			children = (
				08ED20072AF6042000A9FECF /* Nimble Mbc */,
				08ED20182AF6042100A9FECF /* Nimble MbcTests */,
				08ED20222AF6042100A9FECF /* Nimble MbcUITests */,
				08ED20062AF6042000A9FECF /* Products */,
			);
			sourceTree = "<group>";
		};
		08ED20062AF6042000A9FECF /* Products */ = {
			isa = PBXGroup;
			children = (
				08ED20052AF6042000A9FECF /* Nimble Mbc.app */,
				08ED20152AF6042100A9FECF /* Nimble MbcTests.xctest */,
				08ED201F2AF6042100A9FECF /* Nimble MbcUITests.xctest */,
			);
			name = Products;
			sourceTree = "<group>";
		};
		08ED20072AF6042000A9FECF /* Nimble Mbc */ = {
			isa = PBXGroup;
			children = (
				08ED20082AF6042000A9FECF /* Nimble_MbcApp.swift */,
				08ED200A2AF6042000A9FECF /* ContentView.swift */,
				08ED200C2AF6042100A9FECF /* Assets.xcassets */,
				08ED200E2AF6042100A9FECF /* Preview Content */,
			);
			path = "Nimble Mbc";
			sourceTree = "<group>";
		};
		08ED200E2AF6042100A9FECF /* Preview Content */ = {
			isa = PBXGroup;
			children = (
				08ED200F2AF6042100A9FECF /* Preview Assets.xcassets */,
			);
			path = "Preview Content";
			sourceTree = "<group>";
		};
		08ED20182AF6042100A9FECF /* Nimble MbcTests */ = {
			isa = PBXGroup;
			children = (
				08ED20192AF6042100A9FECF /* Nimble_MbcTests.swift */,
			);
			path = "Nimble MbcTests";
			sourceTree = "<group>";
		};
		08ED20222AF6042100A9FECF /* Nimble MbcUITests */ = {
			isa = PBXGroup;
			children = (
				08ED20232AF6042100A9FECF /* Nimble_MbcUITests.swift */,
				08ED20252AF6042100A9FECF /* Nimble_MbcUITestsLaunchTests.swift */,
			);
			path = "Nimble MbcUITests";
			sourceTree = "<group>";
		};
/* End PBXGroup section */

/* Begin PBXNativeTarget section */
		08ED20042AF6042000A9FECF /* Nimble Mbc */ = {
			isa = PBXNativeTarget;
			buildConfigurationList = 08ED20292AF6042100A9FECF /* Build configuration list for PBXNativeTarget "Nimble Mbc" */;
			buildPhases = (
				08ED20012AF6042000A9FECF /* Sources */,
				08ED20022AF6042000A9FECF /* Frameworks */,
				08ED20032AF6042000A9FECF /* Resources */,
			);
			buildRules = (
			);
			dependencies = (
			);
			name = "Nimble Mbc";
			productName = "Nimble Mbc";
			productReference = 08ED20052AF6042000A9FECF /* Nimble Mbc.app */;
			productType = "com.apple.product-type.application";
		};
		08ED20142AF6042100A9FECF /* Nimble MbcTests */ = {
			isa = PBXNativeTarget;
			buildConfigurationList = 08ED202C2AF6042100A9FECF /* Build configuration list for PBXNativeTarget "Nimble MbcTests" */;
			buildPhases = (
				08ED20112AF6042100A9FECF /* Sources */,
				08ED20122AF6042100A9FECF /* Frameworks */,
				08ED20132AF6042100A9FECF /* Resources */,
			);
			buildRules = (
			);
			dependencies = (
				08ED20172AF6042100A9FECF /* PBXTargetDependency */,
			);
			name = "Nimble MbcTests";
			productName = "Nimble MbcTests";
			productReference = 08ED20152AF6042100A9FECF /* Nimble MbcTests.xctest */;
			productType = "com.apple.product-type.bundle.unit-test";
		};
		08ED201E2AF6042100A9FECF /* Nimble MbcUITests */ = {
			isa = PBXNativeTarget;
			buildConfigurationList = 08ED202F2AF6042100A9FECF /* Build configuration list for PBXNativeTarget "Nimble MbcUITests" */;
			buildPhases = (
				08ED201B2AF6042100A9FECF /* Sources */,
				08ED201C2AF6042100A9FECF /* Frameworks */,
				08ED201D2AF6042100A9FECF /* Resources */,
			);
			buildRules = (
			);
			dependencies = (
				08ED20212AF6042100A9FECF /* PBXTargetDependency */,
			);
			name = "Nimble MbcUITests";
			productName = "Nimble MbcUITests";
			productReference = 08ED201F2AF6042100A9FECF /* Nimble MbcUITests.xctest */;
			productType = "com.apple.product-type.bundle.ui-testing";
		};
/* End PBXNativeTarget section */

/* Begin PBXProject section */
		08ED1FFD2AF6042000A9FECF /* Project object */ = {
			isa = PBXProject;
			attributes = {
				BuildIndependentTargetsInParallel = 1;
				LastSwiftUpdateCheck = 1500;
				LastUpgradeCheck = 1500;
				TargetAttributes = {
					08ED20042AF6042000A9FECF = {
						CreatedOnToolsVersion = 15.0.1;
					};
					08ED20142AF6042100A9FECF = {
						CreatedOnToolsVersion = 15.0.1;
						TestTargetID = 08ED20042AF6042000A9FECF;
					};
					08ED201E2AF6042100A9FECF = {
						CreatedOnToolsVersion = 15.0.1;
						TestTargetID = 08ED20042AF6042000A9FECF;
					};
				};
			};
			buildConfigurationList = 08ED20002AF6042000A9FECF /* Build configuration list for PBXProject "Nimble Mbc" */;
			compatibilityVersion = "Xcode 14.0";
			developmentRegion = en;
			hasScannedForEncodings = 0;
			knownRegions = (
				en,
				Base,
			);
			mainGroup = 08ED1FFC2AF6042000A9FECF;
			productRefGroup = 08ED20062AF6042000A9FECF /* Products */;
			projectDirPath = "";
			projectRoot = "";
			targets = (
				08ED20042AF6042000A9FECF /* Nimble Mbc */,
				08ED20142AF6042100A9FECF /* Nimble MbcTests */,
				08ED201E2AF6042100A9FECF /* Nimble MbcUITests */,
			);
		};
/* End PBXProject section */

/* Begin PBXResourcesBuildPhase section */
		08ED20032AF6042000A9FECF /* Resources */ = {
			isa = PBXResourcesBuildPhase;
			buildActionMask = 2147483647;
			files = (
				08ED20102AF6042100A9FECF /* Preview Assets.xcassets in Resources */,
				08ED200D2AF6042100A9FECF /* Assets.xcassets in Resources */,
			);
			runOnlyForDeploymentPostprocessing = 0;
		};
		08ED20132AF6042100A9FECF /* Resources */ = {
			isa = PBXResourcesBuildPhase;
			buildActionMask = 2147483647;
			files = (
			);
			runOnlyForDeploymentPostprocessing = 0;
		};
		08ED201D2AF6042100A9FECF /* Resources */ = {
			isa = PBXResourcesBuildPhase;
			buildActionMask = 2147483647;
			files = (
			);
			runOnlyForDeploymentPostprocessing = 0;
		};
/* End PBXResourcesBuildPhase section */

/* Begin PBXSourcesBuildPhase section */
		08ED20012AF6042000A9FECF /* Sources */ = {
			isa = PBXSourcesBuildPhase;
			buildActionMask = 2147483647;
			files = (
				08ED200B2AF6042000A9FECF /* ContentView.swift in Sources */,
				08ED20092AF6042000A9FECF /* Nimble_MbcApp.swift in Sources */,
			);
			runOnlyForDeploymentPostprocessing = 0;
		};
		08ED20112AF6042100A9FECF /* Sources */ = {
			isa = PBXSourcesBuildPhase;
			buildActionMask = 2147483647;
			files = (
				08ED201A2AF6042100A9FECF /* Nimble_MbcTests.swift in Sources */,
			);
			runOnlyForDeploymentPostprocessing = 0;
		};
		08ED201B2AF6042100A9FECF /* Sources */ = {
			isa = PBXSourcesBuildPhase;
			buildActionMask = 2147483647;
			files = (
				08ED20262AF6042100A9FECF /* Nimble_MbcUITestsLaunchTests.swift in Sources */,
				08ED20242AF6042100A9FECF /* Nimble_MbcUITests.swift in Sources */,
			);
			runOnlyForDeploymentPostprocessing = 0;
		};
/* End PBXSourcesBuildPhase section */

/* Begin PBXTargetDependency section */
		08ED20172AF6042100A9FECF /* PBXTargetDependency */ = {
			isa = PBXTargetDependency;
			target = 08ED20042AF6042000A9FECF /* Nimble Mbc */;
			targetProxy = 08ED20162AF6042100A9FECF /* PBXContainerItemProxy */;
		};
		08ED20212AF6042100A9FECF /* PBXTargetDependency */ = {
			isa = PBXTargetDependency;
			target = 08ED20042AF6042000A9FECF /* Nimble Mbc */;
			targetProxy = 08ED20202AF6042100A9FECF /* PBXContainerItemProxy */;
		};
/* End PBXTargetDependency section */

/* Begin XCBuildConfiguration section */
		08ED20272AF6042100A9FECF /* Debug */ = {
			isa = XCBuildConfiguration;
			buildSettings = {
				ALWAYS_SEARCH_USER_PATHS = NO;
				ASSETCATALOG_COMPILER_GENERATE_SWIFT_ASSET_SYMBOL_EXTENSIONS = YES;
				CLANG_ANALYZER_NONNULL = YES;
				CLANG_ANALYZER_NUMBER_OBJECT_CONVERSION = YES_AGGRESSIVE;
				CLANG_CXX_LANGUAGE_STANDARD = "gnu++20";
				CLANG_ENABLE_MODULES = YES;
				CLANG_ENABLE_OBJC_ARC = YES;
				CLANG_ENABLE_OBJC_WEAK = YES;
				CLANG_WARN_BLOCK_CAPTURE_AUTORELEASING = YES;
				CLANG_WARN_BOOL_CONVERSION = YES;
				CLANG_WARN_COMMA = YES;
				CLANG_WARN_CONSTANT_CONVERSION = YES;
				CLANG_WARN_DEPRECATED_OBJC_IMPLEMENTATIONS = YES;
				CLANG_WARN_DIRECT_OBJC_ISA_USAGE = YES_ERROR;
				CLANG_WARN_DOCUMENTATION_COMMENTS = YES;
				CLANG_WARN_EMPTY_BODY = YES;
				CLANG_WARN_ENUM_CONVERSION = YES;
				CLANG_WARN_INFINITE_RECURSION = YES;
				CLANG_WARN_INT_CONVERSION = YES;
				CLANG_WARN_NON_LITERAL_NULL_CONVERSION = YES;
				CLANG_WARN_OBJC_IMPLICIT_RETAIN_SELF = YES;
				CLANG_WARN_OBJC_LITERAL_CONVERSION = YES;
				CLANG_WARN_OBJC_ROOT_CLASS = YES_ERROR;
				CLANG_WARN_QUOTED_INCLUDE_IN_FRAMEWORK_HEADER = YES;
				CLANG_WARN_RANGE_LOOP_ANALYSIS = YES;
				CLANG_WARN_STRICT_PROTOTYPES = YES;
				CLANG_WARN_SUSPICIOUS_MOVE = YES;
				CLANG_WARN_UNGUARDED_AVAILABILITY = YES_AGGRESSIVE;
				CLANG_WARN_UNREACHABLE_CODE = YES;
				CLANG_WARN__DUPLICATE_METHOD_MATCH = YES;
				COPY_PHASE_STRIP = NO;
				DEBUG_INFORMATION_FORMAT = dwarf;
				ENABLE_STRICT_OBJC_MSGSEND = YES;
				ENABLE_TESTABILITY = YES;
				ENABLE_USER_SCRIPT_SANDBOXING = YES;
				GCC_C_LANGUAGE_STANDARD = gnu17;
				GCC_DYNAMIC_NO_PIC = NO;
				GCC_NO_COMMON_BLOCKS = YES;
				GCC_OPTIMIZATION_LEVEL = 0;
				GCC_PREPROCESSOR_DEFINITIONS = (
					"DEBUG=1",
					"$(inherited)",
				);
				GCC_WARN_64_TO_32_BIT_CONVERSION = YES;
				GCC_WARN_ABOUT_RETURN_TYPE = YES_ERROR;
				GCC_WARN_UNDECLARED_SELECTOR = YES;
				GCC_WARN_UNINITIALIZED_AUTOS = YES_AGGRESSIVE;
				GCC_WARN_UNUSED_FUNCTION = YES;
				GCC_WARN_UNUSED_VARIABLE = YES;
				IPHONEOS_DEPLOYMENT_TARGET = 17.0;
				LOCALIZATION_PREFERS_STRING_CATALOGS = YES;
				MTL_ENABLE_DEBUG_INFO = INCLUDE_SOURCE;
				MTL_FAST_MATH = YES;
				ONLY_ACTIVE_ARCH = YES;
				SDKROOT = iphoneos;
				SWIFT_ACTIVE_COMPILATION_CONDITIONS = "DEBUG $(inherited)";
				SWIFT_OPTIMIZATION_LEVEL = "-Onone";
			};
			name = Debug;
		};
		08ED20282AF6042100A9FECF /* Release */ = {
			isa = XCBuildConfiguration;
			buildSettings = {
				ALWAYS_SEARCH_USER_PATHS = NO;
				ASSETCATALOG_COMPILER_GENERATE_SWIFT_ASSET_SYMBOL_EXTENSIONS = YES;
				CLANG_ANALYZER_NONNULL = YES;
				CLANG_ANALYZER_NUMBER_OBJECT_CONVERSION = YES_AGGRESSIVE;
				CLANG_CXX_LANGUAGE_STANDARD = "gnu++20";
				CLANG_ENABLE_MODULES = YES;
				CLANG_ENABLE_OBJC_ARC = YES;
				CLANG_ENABLE_OBJC_WEAK = YES;
				CLANG_WARN_BLOCK_CAPTURE_AUTORELEASING = YES;
				CLANG_WARN_BOOL_CONVERSION = YES;
				CLANG_WARN_COMMA = YES;
				CLANG_WARN_CONSTANT_CONVERSION = YES;
				CLANG_WARN_DEPRECATED_OBJC_IMPLEMENTATIONS = YES;
				CLANG_WARN_DIRECT_OBJC_ISA_USAGE = YES_ERROR;
				CLANG_WARN_DOCUMENTATION_COMMENTS = YES;
				CLANG_WARN_EMPTY_BODY = YES;
				CLANG_WARN_ENUM_CONVERSION = YES;
				CLANG_WARN_INFINITE_RECURSION = YES;
				CLANG_WARN_INT_CONVERSION = YES;
				CLANG_WARN_NON_LITERAL_NULL_CONVERSION = YES;
				CLANG_WARN_OBJC_IMPLICIT_RETAIN_SELF = YES;
				CLANG_WARN_OBJC_LITERAL_CONVERSION = YES;
				CLANG_WARN_OBJC_ROOT_CLASS = YES_ERROR;
				CLANG_WARN_QUOTED_INCLUDE_IN_FRAMEWORK_HEADER = YES;
				CLANG_WARN_RANGE_LOOP_ANALYSIS = YES;
				CLANG_WARN_STRICT_PROTOTYPES = YES;
				CLANG_WARN_SUSPICIOUS_MOVE = YES;
				CLANG_WARN_UNGUARDED_AVAILABILITY = YES_AGGRESSIVE;
				CLANG_WARN_UNREACHABLE_CODE = YES;
				CLANG_WARN__DUPLICATE_METHOD_MATCH = YES;
				COPY_PHASE_STRIP = NO;
				DEBUG_INFORMATION_FORMAT = "dwarf-with-dsym";
				ENABLE_NS_ASSERTIONS = NO;
				ENABLE_STRICT_OBJC_MSGSEND = YES;
				ENABLE_USER_SCRIPT_SANDBOXING = YES;
				GCC_C_LANGUAGE_STANDARD = gnu17;
				GCC_NO_COMMON_BLOCKS = YES;
				GCC_WARN_64_TO_32_BIT_CONVERSION = YES;
				GCC_WARN_ABOUT_RETURN_TYPE = YES_ERROR;
				GCC_WARN_UNDECLARED_SELECTOR = YES;
				GCC_WARN_UNINITIALIZED_AUTOS = YES_AGGRESSIVE;
				GCC_WARN_UNUSED_FUNCTION = YES;
				GCC_WARN_UNUSED_VARIABLE = YES;
				IPHONEOS_DEPLOYMENT_TARGET = 17.0;
				LOCALIZATION_PREFERS_STRING_CATALOGS = YES;
				MTL_ENABLE_DEBUG_INFO = NO;
				MTL_FAST_MATH = YES;
				SDKROOT = iphoneos;
				SWIFT_COMPILATION_MODE = wholemodule;
				VALIDATE_PRODUCT = YES;
			};
			name = Release;
		};
		08ED202A2AF6042100A9FECF /* Debug */ = {
			isa = XCBuildConfiguration;
			buildSettings = {
				ASSETCATALOG_COMPILER_APPICON_NAME = AppIcon;
				ASSETCATALOG_COMPILER_GLOBAL_ACCENT_COLOR_NAME = AccentColor;
				CODE_SIGN_STYLE = Automatic;
				CURRENT_PROJECT_VERSION = 1;
				DEVELOPMENT_ASSET_PATHS = "\"Nimble Mbc/Preview Content\"";
				DEVELOPMENT_TEAM = HSWN7BWKQ9;
				ENABLE_PREVIEWS = YES;
				GENERATE_INFOPLIST_FILE = YES;
				INFOPLIST_KEY_UIApplicationSceneManifest_Generation = YES;
				INFOPLIST_KEY_UIApplicationSupportsIndirectInputEvents = YES;
				INFOPLIST_KEY_UILaunchScreen_Generation = YES;
				INFOPLIST_KEY_UISupportedInterfaceOrientations_iPad = "UIInterfaceOrientationPortrait UIInterfaceOrientationPortraitUpsideDown UIInterfaceOrientationLandscapeLeft UIInterfaceOrientationLandscapeRight";
				INFOPLIST_KEY_UISupportedInterfaceOrientations_iPhone = "UIInterfaceOrientationPortrait UIInterfaceOrientationLandscapeLeft UIInterfaceOrientationLandscapeRight";
				LD_RUNPATH_SEARCH_PATHS = (
					"$(inherited)",
					"@executable_path/Frameworks",
				);
				MARKETING_VERSION = 1.0;
				PRODUCT_BUNDLE_IDENTIFIER = "com.globalhiddenodds.com.Nimble-Mbc";
				PRODUCT_NAME = "$(TARGET_NAME)";
				SWIFT_EMIT_LOC_STRINGS = YES;
				SWIFT_VERSION = 5.0;
				TARGETED_DEVICE_FAMILY = "1,2";
			};
			name = Debug;
		};
		08ED202B2AF6042100A9FECF /* Release */ = {
			isa = XCBuildConfiguration;
			buildSettings = {
				ASSETCATALOG_COMPILER_APPICON_NAME = AppIcon;
				ASSETCATALOG_COMPILER_GLOBAL_ACCENT_COLOR_NAME = AccentColor;
				CODE_SIGN_STYLE = Automatic;
				CURRENT_PROJECT_VERSION = 1;
				DEVELOPMENT_ASSET_PATHS = "\"Nimble Mbc/Preview Content\"";
				DEVELOPMENT_TEAM = HSWN7BWKQ9;
				ENABLE_PREVIEWS = YES;
				GENERATE_INFOPLIST_FILE = YES;
				INFOPLIST_KEY_UIApplicationSceneManifest_Generation = YES;
				INFOPLIST_KEY_UIApplicationSupportsIndirectInputEvents = YES;
				INFOPLIST_KEY_UILaunchScreen_Generation = YES;
				INFOPLIST_KEY_UISupportedInterfaceOrientations_iPad = "UIInterfaceOrientationPortrait UIInterfaceOrientationPortraitUpsideDown UIInterfaceOrientationLandscapeLeft UIInterfaceOrientationLandscapeRight";
				INFOPLIST_KEY_UISupportedInterfaceOrientations_iPhone = "UIInterfaceOrientationPortrait UIInterfaceOrientationLandscapeLeft UIInterfaceOrientationLandscapeRight";
				LD_RUNPATH_SEARCH_PATHS = (
					"$(inherited)",
					"@executable_path/Frameworks",
				);
				MARKETING_VERSION = 1.0;
				PRODUCT_BUNDLE_IDENTIFIER = "com.globalhiddenodds.com.Nimble-Mbc";
				PRODUCT_NAME = "$(TARGET_NAME)";
				SWIFT_EMIT_LOC_STRINGS = YES;
				SWIFT_VERSION = 5.0;
				TARGETED_DEVICE_FAMILY = "1,2";
			};
			name = Release;
		};
		08ED202D2AF6042100A9FECF /* Debug */ = {
			isa = XCBuildConfiguration;
			buildSettings = {
				ALWAYS_EMBED_SWIFT_STANDARD_LIBRARIES = YES;
				BUNDLE_LOADER = "$(TEST_HOST)";
				CODE_SIGN_STYLE = Automatic;
				CURRENT_PROJECT_VERSION = 1;
				DEVELOPMENT_TEAM = HSWN7BWKQ9;
				GENERATE_INFOPLIST_FILE = YES;
				IPHONEOS_DEPLOYMENT_TARGET = 17.0;
				MARKETING_VERSION = 1.0;
				PRODUCT_BUNDLE_IDENTIFIER = "com.globalhiddenodds.com.Nimble-MbcTests";
				PRODUCT_NAME = "$(TARGET_NAME)";
				SWIFT_EMIT_LOC_STRINGS = NO;
				SWIFT_VERSION = 5.0;
				TARGETED_DEVICE_FAMILY = "1,2";
				TEST_HOST = "$(BUILT_PRODUCTS_DIR)/Nimble Mbc.app/$(BUNDLE_EXECUTABLE_FOLDER_PATH)/Nimble Mbc";
			};
			name = Debug;
		};
		08ED202E2AF6042100A9FECF /* Release */ = {
			isa = XCBuildConfiguration;
			buildSettings = {
				ALWAYS_EMBED_SWIFT_STANDARD_LIBRARIES = YES;
				BUNDLE_LOADER = "$(TEST_HOST)";
				CODE_SIGN_STYLE = Automatic;
				CURRENT_PROJECT_VERSION = 1;
				DEVELOPMENT_TEAM = HSWN7BWKQ9;
				GENERATE_INFOPLIST_FILE = YES;
				IPHONEOS_DEPLOYMENT_TARGET = 17.0;
				MARKETING_VERSION = 1.0;
				PRODUCT_BUNDLE_IDENTIFIER = "com.globalhiddenodds.com.Nimble-MbcTests";
				PRODUCT_NAME = "$(TARGET_NAME)";
				SWIFT_EMIT_LOC_STRINGS = NO;
				SWIFT_VERSION = 5.0;
				TARGETED_DEVICE_FAMILY = "1,2";
				TEST_HOST = "$(BUILT_PRODUCTS_DIR)/Nimble Mbc.app/$(BUNDLE_EXECUTABLE_FOLDER_PATH)/Nimble Mbc";
			};
			name = Release;
		};
		08ED20302AF6042100A9FECF /* Debug */ = {
			isa = XCBuildConfiguration;
			buildSettings = {
				ALWAYS_EMBED_SWIFT_STANDARD_LIBRARIES = YES;
				CODE_SIGN_STYLE = Automatic;
				CURRENT_PROJECT_VERSION = 1;
				DEVELOPMENT_TEAM = HSWN7BWKQ9;
				GENERATE_INFOPLIST_FILE = YES;
				MARKETING_VERSION = 1.0;
				PRODUCT_BUNDLE_IDENTIFIER = "com.globalhiddenodds.com.Nimble-MbcUITests";
				PRODUCT_NAME = "$(TARGET_NAME)";
				SWIFT_EMIT_LOC_STRINGS = NO;
				SWIFT_VERSION = 5.0;
				TARGETED_DEVICE_FAMILY = "1,2";
				TEST_TARGET_NAME = "Nimble Mbc";
			};
			name = Debug;
		};
		08ED20312AF6042100A9FECF /* Release */ = {
			isa = XCBuildConfiguration;
			buildSettings = {
				ALWAYS_EMBED_SWIFT_STANDARD_LIBRARIES = YES;
				CODE_SIGN_STYLE = Automatic;
				CURRENT_PROJECT_VERSION = 1;
				DEVELOPMENT_TEAM = HSWN7BWKQ9;
				GENERATE_INFOPLIST_FILE = YES;
				MARKETING_VERSION = 1.0;
				PRODUCT_BUNDLE_IDENTIFIER = "com.globalhiddenodds.com.Nimble-MbcUITests";
				PRODUCT_NAME = "$(TARGET_NAME)";
				SWIFT_EMIT_LOC_STRINGS = NO;
				SWIFT_VERSION = 5.0;
				TARGETED_DEVICE_FAMILY = "1,2";
				TEST_TARGET_NAME = "Nimble Mbc";
			};
			name = Release;
		};
/* End XCBuildConfiguration section */

/* Begin XCConfigurationList section */
		08ED20002AF6042000A9FECF /* Build configuration list for PBXProject "Nimble Mbc" */ = {
			isa = XCConfigurationList;
			buildConfigurations = (
				08ED20272AF6042100A9FECF /* Debug */,
				08ED20282AF6042100A9FECF /* Release */,
			);
			defaultConfigurationIsVisible = 0;
			defaultConfigurationName = Release;
		};
		08ED20292AF6042100A9FECF /* Build configuration list for PBXNativeTarget "Nimble Mbc" */ = {
			isa = XCConfigurationList;
			buildConfigurations = (
				08ED202A2AF6042100A9FECF /* Debug */,
				08ED202B2AF6042100A9FECF /* Release */,
			);
			defaultConfigurationIsVisible = 0;
			defaultConfigurationName = Release;
		};
		08ED202C2AF6042100A9FECF /* Build configuration list for PBXNativeTarget "Nimble MbcTests" */ = {
			isa = XCConfigurationList;
			buildConfigurations = (
				08ED202D2AF6042100A9FECF /* Debug */,
				08ED202E2AF6042100A9FECF /* Release */,
			);
			defaultConfigurationIsVisible = 0;
			defaultConfigurationName = Release;
		};
		08ED202F2AF6042100A9FECF /* Build configuration list for PBXNativeTarget "Nimble MbcUITests" */ = {
			isa = XCConfigurationList;
			buildConfigurations = (
				08ED20302AF6042100A9FECF /* Debug */,
				08ED20312AF6042100A9FECF /* Release */,
			);
			defaultConfigurationIsVisible = 0;
			defaultConfigurationName = Release;
		};
/* End XCConfigurationList section */
	};
	rootObject = 08ED1FFD2AF6042000A9FECF /* Project object */;
}
